
Microsoft Visual Studio Solution File, Format Version 12.00
# Visual Studio 15
VisualStudioVersion = 15.0.27703.2018
MinimumVisualStudioVersion = 10.0.40219.1
Project("{FAE04EC0-301F-11D3-BF4B-00C04F79EFBC}") = "MvcMovie", "MvcMovie\MvcMovie.csproj", "{6EA54427-0FCC-40D1-B60B-516050C2B845}"
EndProject
Global
	GlobalSection(SolutionConfigurationPlatforms) = preSolution
		Debug|Any CPU = Debug|Any CPU
		Release|Any CPU = Release|Any CPU
	EndGlobalSection
	GlobalSection(ProjectConfigurationPlatforms) = postSolution
		{6EA54427-0FCC-40D1-B60B-516050C2B845}.Debug|Any CPU.ActiveCfg = Debug|Any CPU
		{6EA54427-0FCC-40D1-B60B-516050C2B845}.Debug|Any CPU.Build.0 = Debug|Any CPU
		{6EA54427-0FCC-40D1-B60B-516050C2B845}.Release|Any CPU.ActiveCfg = Release|Any CPU
		{6EA54427-0FCC-40D1-B60B-516050C2B845}.Release|Any CPU.Build.0 = Release|Any CPU
	EndGlobalSection
	GlobalSection(SolutionProperties) = preSolution
		HideSolutionNode = FALSE
	EndGlobalSection
	GlobalSection(ExtensibilityGlobals) = postSolution
		SolutionGuid = {6DB92D9D-2098-4A54-8F9D-75BB4DED8E9E}
	EndGlobalSection
EndGlobal
